
Microsoft Visual Studio Solution File, Format Version 12.00
Project("{FAE04EC0-301F-11D3-BF4B-00C04F79EFBC}") = "Store.Domain", "Store.Domain\Store.Domain.csproj", "{7C4E44FB-A5AB-46B4-ADA6-9CF386BA4D42}"
EndProject
Project("{FAE04EC0-301F-11D3-BF4B-00C04F79EFBC}") = "Store.Tests", "Store.Tests\Store.Tests.csproj", "{45411F91-BD53-4E27-998A-117227005C5A}"
EndProject
Global
	GlobalSection(SolutionConfigurationPlatforms) = preSolution
		Debug|Any CPU = Debug|Any CPU
		Release|Any CPU = Release|Any CPU
	EndGlobalSection
	GlobalSection(ProjectConfigurationPlatforms) = postSolution
		{7C4E44FB-A5AB-46B4-ADA6-9CF386BA4D42}.Debug|Any CPU.ActiveCfg = Debug|Any CPU
		{7C4E44FB-A5AB-46B4-ADA6-9CF386BA4D42}.Debug|Any CPU.Build.0 = Debug|Any CPU
		{7C4E44FB-A5AB-46B4-ADA6-9CF386BA4D42}.Release|Any CPU.ActiveCfg = Release|Any CPU
		{7C4E44FB-A5AB-46B4-ADA6-9CF386BA4D42}.Release|Any CPU.Build.0 = Release|Any CPU
		{45411F91-BD53-4E27-998A-117227005C5A}.Debug|Any CPU.ActiveCfg = Debug|Any CPU
		{45411F91-BD53-4E27-998A-117227005C5A}.Debug|Any CPU.Build.0 = Debug|Any CPU
		{45411F91-BD53-4E27-998A-117227005C5A}.Release|Any CPU.ActiveCfg = Release|Any CPU
		{45411F91-BD53-4E27-998A-117227005C5A}.Release|Any CPU.Build.0 = Release|Any CPU
	EndGlobalSection
EndGlobal
